
Microsoft Visual Studio Solution File, Format Version 12.00
# Visual Studio Version 16
VisualStudioVersion = 16.0.29230.47
MinimumVisualStudioVersion = 10.0.40219.1
Project("{F184B08F-C81C-45F6-A57F-5ABD9991F28F}") = "NOBUG HelloWorld", "NOBUG HelloWorld\NOBUG HelloWorld.vbproj", "{C73A060E-F4CF-4C75-8E2D-E308B17A30C4}"
EndProject
Global
	GlobalSection(SolutionConfigurationPlatforms) = preSolution
		Debug|Any CPU = Debug|Any CPU
		Release|Any CPU = Release|Any CPU
	EndGlobalSection
	GlobalSection(ProjectConfigurationPlatforms) = postSolution
		{C73A060E-F4CF-4C75-8E2D-E308B17A30C4}.Debug|Any CPU.ActiveCfg = Debug|Any CPU
		{C73A060E-F4CF-4C75-8E2D-E308B17A30C4}.Debug|Any CPU.Build.0 = Debug|Any CPU
		{C73A060E-F4CF-4C75-8E2D-E308B17A30C4}.Release|Any CPU.ActiveCfg = Release|Any CPU
		{C73A060E-F4CF-4C75-8E2D-E308B17A30C4}.Release|Any CPU.Build.0 = Release|Any CPU
	EndGlobalSection
	GlobalSection(SolutionProperties) = preSolution
		HideSolutionNode = FALSE
	EndGlobalSection
	GlobalSection(ExtensibilityGlobals) = postSolution
		SolutionGuid = {7BFE7BF6-3797-48DB-82A1-E68F28436565}
	EndGlobalSection
EndGlobal
