
Microsoft Visual Studio Solution File, Format Version 12.00
# Visual Studio Version 16
VisualStudioVersion = 16.0.29230.47
MinimumVisualStudioVersion = 10.0.40219.1
Project("{F184B08F-C81C-45F6-A57F-5ABD9991F28F}") = "Asg2-5", "Asg2-5.vbproj", "{8E3868B6-AE8A-4C0F-9BEE-ABFFB264DE63}"
EndProject
Global
	GlobalSection(SolutionConfigurationPlatforms) = preSolution
		Debug|Any CPU = Debug|Any CPU
		Release|Any CPU = Release|Any CPU
	EndGlobalSection
	GlobalSection(ProjectConfigurationPlatforms) = postSolution
		{8E3868B6-AE8A-4C0F-9BEE-ABFFB264DE63}.Debug|Any CPU.ActiveCfg = Debug|Any CPU
		{8E3868B6-AE8A-4C0F-9BEE-ABFFB264DE63}.Debug|Any CPU.Build.0 = Debug|Any CPU
		{8E3868B6-AE8A-4C0F-9BEE-ABFFB264DE63}.Release|Any CPU.ActiveCfg = Release|Any CPU
		{8E3868B6-AE8A-4C0F-9BEE-ABFFB264DE63}.Release|Any CPU.Build.0 = Release|Any CPU
	EndGlobalSection
	GlobalSection(SolutionProperties) = preSolution
		HideSolutionNode = FALSE
	EndGlobalSection
	GlobalSection(ExtensibilityGlobals) = postSolution
		SolutionGuid = {CB3109F0-1690-4725-A14A-3444B142B48F}
	EndGlobalSection
EndGlobal
