
Microsoft Visual Studio Solution File, Format Version 12.00
# Visual Studio Version 16
VisualStudioVersion = 16.0.29230.47
MinimumVisualStudioVersion = 10.0.40219.1
Project("{F184B08F-C81C-45F6-A57F-5ABD9991F28F}") = "ASG 4-6  , Menus", "ASG 4-6  , Menus.vbproj", "{41D42267-15B6-492A-B206-06A17FCB6E31}"
EndProject
Global
	GlobalSection(SolutionConfigurationPlatforms) = preSolution
		Debug|Any CPU = Debug|Any CPU
		Release|Any CPU = Release|Any CPU
	EndGlobalSection
	GlobalSection(ProjectConfigurationPlatforms) = postSolution
		{41D42267-15B6-492A-B206-06A17FCB6E31}.Debug|Any CPU.ActiveCfg = Debug|Any CPU
		{41D42267-15B6-492A-B206-06A17FCB6E31}.Debug|Any CPU.Build.0 = Debug|Any CPU
		{41D42267-15B6-492A-B206-06A17FCB6E31}.Release|Any CPU.ActiveCfg = Release|Any CPU
		{41D42267-15B6-492A-B206-06A17FCB6E31}.Release|Any CPU.Build.0 = Release|Any CPU
	EndGlobalSection
	GlobalSection(SolutionProperties) = preSolution
		HideSolutionNode = FALSE
	EndGlobalSection
	GlobalSection(ExtensibilityGlobals) = postSolution
		SolutionGuid = {7ED0B506-273D-4C73-A572-5C281DBB9678}
	EndGlobalSection
EndGlobal
